
Microsoft Visual Studio Solution File, Format Version 12.00
# Visual Studio Version 16
VisualStudioVersion = 16.0.30907.101
MinimumVisualStudioVersion = 10.0.40219.1
Project("{FAE04EC0-301F-11D3-BF4B-00C04F79EFBC}") = "DictionarySample", "DictionarySample\DictionarySample.csproj", "{E2962D7B-8736-4C75-9F00-668B32978EE0}"
EndProject
Global
	GlobalSection(SolutionConfigurationPlatforms) = preSolution
		Debug|Any CPU = Debug|Any CPU
		Release|Any CPU = Release|Any CPU
	EndGlobalSection
	GlobalSection(ProjectConfigurationPlatforms) = postSolution
		{E2962D7B-8736-4C75-9F00-668B32978EE0}.Debug|Any CPU.ActiveCfg = Debug|Any CPU
		{E2962D7B-8736-4C75-9F00-668B32978EE0}.Debug|Any CPU.Build.0 = Debug|Any CPU
		{E2962D7B-8736-4C75-9F00-668B32978EE0}.Release|Any CPU.ActiveCfg = Release|Any CPU
		{E2962D7B-8736-4C75-9F00-668B32978EE0}.Release|Any CPU.Build.0 = Release|Any CPU
	EndGlobalSection
	GlobalSection(SolutionProperties) = preSolution
		HideSolutionNode = FALSE
	EndGlobalSection
	GlobalSection(ExtensibilityGlobals) = postSolution
		SolutionGuid = {AB640BB8-0B72-4A4B-9834-76ADD8A33120}
	EndGlobalSection
EndGlobal
